// !$*UTF8*$!
{
	archiveVersion = 1;
	classes = {
	};
	objectVersion = 56;
	objects = {

/* Begin PBXBuildFile section */
		CB33D8F8296BBD8C00E778FC /* Offices.json in Resources */ = {isa = PBXBuildFile; fileRef = CB33D8F7296BBD8C00E778FC /* Offices.json */; };
		CB33D8FA296BDC5000E778FC /* Put.swift in Sources */ = {isa = PBXBuildFile; fileRef = CB33D8F9296BDC5000E778FC /* Put.swift */; };
		CB33D8FC296C80C900E778FC /* WatchDocImageView.swift in Sources */ = {isa = PBXBuildFile; fileRef = CB33D8FB296C80C900E778FC /* WatchDocImageView.swift */; };
		CB33D8FE296C83B100E778FC /* WatchDocImageViewModel.swift in Sources */ = {isa = PBXBuildFile; fileRef = CB33D8FD296C83B100E778FC /* WatchDocImageViewModel.swift */; };
		CB33D900296F0C4000E778FC /* CameraModel.swift in Sources */ = {isa = PBXBuildFile; fileRef = CB33D8FF296F0C4000E778FC /* CameraModel.swift */; };
		CB33D902296F0CB100E778FC /* SendDocCameraView.swift in Sources */ = {isa = PBXBuildFile; fileRef = CB33D901296F0CB100E778FC /* SendDocCameraView.swift */; };
		CB3A84AE2955F75A004BD11F /* WatchDocView.swift in Sources */ = {isa = PBXBuildFile; fileRef = CB3A84AD2955F759004BD11F /* WatchDocView.swift */; };
		CB3A84B12955FA76004BD11F /* OfficesView.swift in Sources */ = {isa = PBXBuildFile; fileRef = CB3A84B02955FA76004BD11F /* OfficesView.swift */; };
		CB3B429E294B822800B2B6DB /* SwiftKeychainWrapper in Frameworks */ = {isa = PBXBuildFile; productRef = CB3B429D294B822800B2B6DB /* SwiftKeychainWrapper */; };
		CB3B42A0294B86B300B2B6DB /* KeychainStorage.swift in Sources */ = {isa = PBXBuildFile; fileRef = CB3B429F294B86B300B2B6DB /* KeychainStorage.swift */; };
		CB55BC012969C22F009C8C9E /* WatchDocViewModel.swift in Sources */ = {isa = PBXBuildFile; fileRef = CB55BC002969C22F009C8C9E /* WatchDocViewModel.swift */; };
		CB55BC052969DCCD009C8C9E /* ResultDocumentId.swift in Sources */ = {isa = PBXBuildFile; fileRef = CB55BC042969DCCD009C8C9E /* ResultDocumentId.swift */; };
		CB55BC072969DD09009C8C9E /* ResultDocumentEmail.swift in Sources */ = {isa = PBXBuildFile; fileRef = CB55BC062969DD09009C8C9E /* ResultDocumentEmail.swift */; };
		CB55BC0C296A6EBD009C8C9E /* LocationManager.swift in Sources */ = {isa = PBXBuildFile; fileRef = CB55BC0B296A6EBD009C8C9E /* LocationManager.swift */; };
		CB5836BF29679CB500535499 /* PostDocument.swift in Sources */ = {isa = PBXBuildFile; fileRef = CB5836BE29679CB500535499 /* PostDocument.swift */; };
		CB5836C32967C56D00535499 /* Office.swift in Sources */ = {isa = PBXBuildFile; fileRef = CB5836C22967C56D00535499 /* Office.swift */; };
		CB633510294922F100CD86E5 /* AppSophosApp.swift in Sources */ = {isa = PBXBuildFile; fileRef = CB63350F294922F100CD86E5 /* AppSophosApp.swift */; };
		CB633514294922F300CD86E5 /* Assets.xcassets in Resources */ = {isa = PBXBuildFile; fileRef = CB633513294922F300CD86E5 /* Assets.xcassets */; };
		CB633517294922F300CD86E5 /* Preview Assets.xcassets in Resources */ = {isa = PBXBuildFile; fileRef = CB633516294922F300CD86E5 /* Preview Assets.xcassets */; };
		CB633521294922F300CD86E5 /* AppSophosTests.swift in Sources */ = {isa = PBXBuildFile; fileRef = CB633520294922F300CD86E5 /* AppSophosTests.swift */; };
		CB63352B294922F300CD86E5 /* AppSophosUITests.swift in Sources */ = {isa = PBXBuildFile; fileRef = CB63352A294922F300CD86E5 /* AppSophosUITests.swift */; };
		CB63352D294922F300CD86E5 /* AppSophosUITestsLaunchTests.swift in Sources */ = {isa = PBXBuildFile; fileRef = CB63352C294922F300CD86E5 /* AppSophosUITestsLaunchTests.swift */; };
		CB63353A2949249C00CD86E5 /* LoginView.swift in Sources */ = {isa = PBXBuildFile; fileRef = CB6335392949249C00CD86E5 /* LoginView.swift */; };
		CB89F150294AC8FE00190634 /* User.swift in Sources */ = {isa = PBXBuildFile; fileRef = CB89F14F294AC8FE00190634 /* User.swift */; };
		CB93BCC9294A0F1500732C72 /* LoginViewModel.swift in Sources */ = {isa = PBXBuildFile; fileRef = CB93BCC8294A0F1500732C72 /* LoginViewModel.swift */; };
		CB93BCCB294A120000732C72 /* MenuView.swift in Sources */ = {isa = PBXBuildFile; fileRef = CB93BCCA294A120000732C72 /* MenuView.swift */; };
		CB93BCD4294A211600732C72 /* APIService.swift in Sources */ = {isa = PBXBuildFile; fileRef = CB93BCD3294A211600732C72 /* APIService.swift */; };
		CB93BCD6294A22F300732C72 /* Credentials.swift in Sources */ = {isa = PBXBuildFile; fileRef = CB93BCD5294A22F300732C72 /* Credentials.swift */; };
		CB93BCDA294A31DB00732C72 /* Authentication.swift in Sources */ = {isa = PBXBuildFile; fileRef = CB93BCD9294A31DB00732C72 /* Authentication.swift */; };
		CB9EBDCC2950BE87009CA465 /* MenuBackgroundView.swift in Sources */ = {isa = PBXBuildFile; fileRef = CB9EBDCB2950BE86009CA465 /* MenuBackgroundView.swift */; };
		CB9EBDCE2950BEB6009CA465 /* MenuButtonView.swift in Sources */ = {isa = PBXBuildFile; fileRef = CB9EBDCD2950BEB6009CA465 /* MenuButtonView.swift */; };
		CB9EBDD02950BF15009CA465 /* BoxView.swift in Sources */ = {isa = PBXBuildFile; fileRef = CB9EBDCF2950BF15009CA465 /* BoxView.swift */; };
		CB9EBDD42950C545009CA465 /* LoginHeaderView.swift in Sources */ = {isa = PBXBuildFile; fileRef = CB9EBDD32950C545009CA465 /* LoginHeaderView.swift */; };
		CBD3D55029522D16002074F8 /* SendDocIdTypeView.swift in Sources */ = {isa = PBXBuildFile; fileRef = CBD3D54C29522D16002074F8 /* SendDocIdTypeView.swift */; };
		CBD3D55229522D16002074F8 /* SendDocView.swift in Sources */ = {isa = PBXBuildFile; fileRef = CBD3D54E29522D16002074F8 /* SendDocView.swift */; };
		CBD3D5872953906A002074F8 /* LoginEmailView.swift in Sources */ = {isa = PBXBuildFile; fileRef = CBD3D5862953906A002074F8 /* LoginEmailView.swift */; };
		CBD3D589295391D1002074F8 /* LoginPasswordView.swift in Sources */ = {isa = PBXBuildFile; fileRef = CBD3D588295391D1002074F8 /* LoginPasswordView.swift */; };
		CBD3D58B295392C1002074F8 /* LoginButtonsView.swift in Sources */ = {isa = PBXBuildFile; fileRef = CBD3D58A295392C1002074F8 /* LoginButtonsView.swift */; };
		CBD3D59129552C65002074F8 /* SendDocHeaderView.swift in Sources */ = {isa = PBXBuildFile; fileRef = CBD3D59029552C65002074F8 /* SendDocHeaderView.swift */; };
		CBD3D593295538F1002074F8 /* SendDocViewModel.swift in Sources */ = {isa = PBXBuildFile; fileRef = CBD3D592295538F1002074F8 /* SendDocViewModel.swift */; };
		CBD3D599295548B7002074F8 /* SendDocIdView.swift in Sources */ = {isa = PBXBuildFile; fileRef = CBD3D598295548B7002074F8 /* SendDocIdView.swift */; };
		CBD3D59B29554E33002074F8 /* SendDocFieldView.swift in Sources */ = {isa = PBXBuildFile; fileRef = CBD3D59A29554E33002074F8 /* SendDocFieldView.swift */; };
		CBD3D59D29554E55002074F8 /* SendDocCityFieldView.swift in Sources */ = {isa = PBXBuildFile; fileRef = CBD3D59C29554E55002074F8 /* SendDocCityFieldView.swift */; };
		CBD3D59F29554F9D002074F8 /* SendDocPickerPhotoView.swift in Sources */ = {isa = PBXBuildFile; fileRef = CBD3D59E29554F9D002074F8 /* SendDocPickerPhotoView.swift */; };
		CBD3D5A129555B7F002074F8 /* BiometricButtonLabel.swift in Sources */ = {isa = PBXBuildFile; fileRef = CBD3D5A029555B7F002074F8 /* BiometricButtonLabel.swift */; };
/* End PBXBuildFile section */

/* Begin PBXContainerItemProxy section */
		CB63351D294922F300CD86E5 /* PBXContainerItemProxy */ = {
			isa = PBXContainerItemProxy;
			containerPortal = CB633504294922F100CD86E5 /* Project object */;
			proxyType = 1;
			remoteGlobalIDString = CB63350B294922F100CD86E5;
			remoteInfo = AppSophos;
		};
		CB633527294922F300CD86E5 /* PBXContainerItemProxy */ = {
			isa = PBXContainerItemProxy;
			containerPortal = CB633504294922F100CD86E5 /* Project object */;
			proxyType = 1;
			remoteGlobalIDString = CB63350B294922F100CD86E5;
			remoteInfo = AppSophos;
		};
/* End PBXContainerItemProxy section */

/* Begin PBXFileReference section */
		CB33D8F7296BBD8C00E778FC /* Offices.json */ = {isa = PBXFileReference; fileEncoding = 4; lastKnownFileType = text.json; path = Offices.json; sourceTree = "<group>"; };
		CB33D8F9296BDC5000E778FC /* Put.swift */ = {isa = PBXFileReference; lastKnownFileType = sourcecode.swift; path = Put.swift; sourceTree = "<group>"; };
		CB33D8FB296C80C900E778FC /* WatchDocImageView.swift */ = {isa = PBXFileReference; lastKnownFileType = sourcecode.swift; path = WatchDocImageView.swift; sourceTree = "<group>"; };
		CB33D8FD296C83B100E778FC /* WatchDocImageViewModel.swift */ = {isa = PBXFileReference; lastKnownFileType = sourcecode.swift; path = WatchDocImageViewModel.swift; sourceTree = "<group>"; };
		CB33D8FF296F0C4000E778FC /* CameraModel.swift */ = {isa = PBXFileReference; lastKnownFileType = sourcecode.swift; path = CameraModel.swift; sourceTree = "<group>"; };
		CB33D901296F0CB100E778FC /* SendDocCameraView.swift */ = {isa = PBXFileReference; lastKnownFileType = sourcecode.swift; path = SendDocCameraView.swift; sourceTree = "<group>"; };
		CB3A84AD2955F759004BD11F /* WatchDocView.swift */ = {isa = PBXFileReference; lastKnownFileType = sourcecode.swift; path = WatchDocView.swift; sourceTree = "<group>"; };
		CB3A84B02955FA76004BD11F /* OfficesView.swift */ = {isa = PBXFileReference; lastKnownFileType = sourcecode.swift; path = OfficesView.swift; sourceTree = "<group>"; };
		CB3B429F294B86B300B2B6DB /* KeychainStorage.swift */ = {isa = PBXFileReference; lastKnownFileType = sourcecode.swift; path = KeychainStorage.swift; sourceTree = "<group>"; };
		CB55BC002969C22F009C8C9E /* WatchDocViewModel.swift */ = {isa = PBXFileReference; lastKnownFileType = sourcecode.swift; path = WatchDocViewModel.swift; sourceTree = "<group>"; };
		CB55BC042969DCCD009C8C9E /* ResultDocumentId.swift */ = {isa = PBXFileReference; lastKnownFileType = sourcecode.swift; path = ResultDocumentId.swift; sourceTree = "<group>"; };
		CB55BC062969DD09009C8C9E /* ResultDocumentEmail.swift */ = {isa = PBXFileReference; lastKnownFileType = sourcecode.swift; path = ResultDocumentEmail.swift; sourceTree = "<group>"; };
		CB55BC08296A56A5009C8C9E /* Info.plist */ = {isa = PBXFileReference; lastKnownFileType = text.plist; path = Info.plist; sourceTree = "<group>"; };
		CB55BC0B296A6EBD009C8C9E /* LocationManager.swift */ = {isa = PBXFileReference; lastKnownFileType = sourcecode.swift; path = LocationManager.swift; sourceTree = "<group>"; };
		CB5836BE29679CB500535499 /* PostDocument.swift */ = {isa = PBXFileReference; lastKnownFileType = sourcecode.swift; path = PostDocument.swift; sourceTree = "<group>"; };
		CB5836C22967C56D00535499 /* Office.swift */ = {isa = PBXFileReference; lastKnownFileType = sourcecode.swift; path = Office.swift; sourceTree = "<group>"; };
		CB63350C294922F100CD86E5 /* AppSophos.app */ = {isa = PBXFileReference; explicitFileType = wrapper.application; includeInIndex = 0; path = AppSophos.app; sourceTree = BUILT_PRODUCTS_DIR; };
		CB63350F294922F100CD86E5 /* AppSophosApp.swift */ = {isa = PBXFileReference; lastKnownFileType = sourcecode.swift; path = AppSophosApp.swift; sourceTree = "<group>"; };
		CB633513294922F300CD86E5 /* Assets.xcassets */ = {isa = PBXFileReference; lastKnownFileType = folder.assetcatalog; path = Assets.xcassets; sourceTree = "<group>"; };
		CB633516294922F300CD86E5 /* Preview Assets.xcassets */ = {isa = PBXFileReference; lastKnownFileType = folder.assetcatalog; path = "Preview Assets.xcassets"; sourceTree = "<group>"; };
		CB63351C294922F300CD86E5 /* AppSophosTests.xctest */ = {isa = PBXFileReference; explicitFileType = wrapper.cfbundle; includeInIndex = 0; path = AppSophosTests.xctest; sourceTree = BUILT_PRODUCTS_DIR; };
		CB633520294922F300CD86E5 /* AppSophosTests.swift */ = {isa = PBXFileReference; lastKnownFileType = sourcecode.swift; path = AppSophosTests.swift; sourceTree = "<group>"; };
		CB633526294922F300CD86E5 /* AppSophosUITests.xctest */ = {isa = PBXFileReference; explicitFileType = wrapper.cfbundle; includeInIndex = 0; path = AppSophosUITests.xctest; sourceTree = BUILT_PRODUCTS_DIR; };
		CB63352A294922F300CD86E5 /* AppSophosUITests.swift */ = {isa = PBXFileReference; lastKnownFileType = sourcecode.swift; path = AppSophosUITests.swift; sourceTree = "<group>"; };
		CB63352C294922F300CD86E5 /* AppSophosUITestsLaunchTests.swift */ = {isa = PBXFileReference; lastKnownFileType = sourcecode.swift; path = AppSophosUITestsLaunchTests.swift; sourceTree = "<group>"; };
		CB6335392949249C00CD86E5 /* LoginView.swift */ = {isa = PBXFileReference; lastKnownFileType = sourcecode.swift; path = LoginView.swift; sourceTree = "<group>"; };
		CB89F14F294AC8FE00190634 /* User.swift */ = {isa = PBXFileReference; lastKnownFileType = sourcecode.swift; path = User.swift; sourceTree = "<group>"; };
		CB93BCC8294A0F1500732C72 /* LoginViewModel.swift */ = {isa = PBXFileReference; lastKnownFileType = sourcecode.swift; path = LoginViewModel.swift; sourceTree = "<group>"; };
		CB93BCCA294A120000732C72 /* MenuView.swift */ = {isa = PBXFileReference; indentWidth = 3; lastKnownFileType = sourcecode.swift; path = MenuView.swift; sourceTree = "<group>"; };
		CB93BCD3294A211600732C72 /* APIService.swift */ = {isa = PBXFileReference; lastKnownFileType = sourcecode.swift; path = APIService.swift; sourceTree = "<group>"; };
		CB93BCD5294A22F300732C72 /* Credentials.swift */ = {isa = PBXFileReference; lastKnownFileType = sourcecode.swift; path = Credentials.swift; sourceTree = "<group>"; };
		CB93BCD9294A31DB00732C72 /* Authentication.swift */ = {isa = PBXFileReference; lastKnownFileType = sourcecode.swift; path = Authentication.swift; sourceTree = "<group>"; };
		CB9EBDCB2950BE86009CA465 /* MenuBackgroundView.swift */ = {isa = PBXFileReference; lastKnownFileType = sourcecode.swift; path = MenuBackgroundView.swift; sourceTree = "<group>"; };
		CB9EBDCD2950BEB6009CA465 /* MenuButtonView.swift */ = {isa = PBXFileReference; lastKnownFileType = sourcecode.swift; path = MenuButtonView.swift; sourceTree = "<group>"; };
		CB9EBDCF2950BF15009CA465 /* BoxView.swift */ = {isa = PBXFileReference; lastKnownFileType = sourcecode.swift; path = BoxView.swift; sourceTree = "<group>"; };
		CB9EBDD32950C545009CA465 /* LoginHeaderView.swift */ = {isa = PBXFileReference; lastKnownFileType = sourcecode.swift; path = LoginHeaderView.swift; sourceTree = "<group>"; };
		CBD3D54C29522D16002074F8 /* SendDocIdTypeView.swift */ = {isa = PBXFileReference; fileEncoding = 4; lastKnownFileType = sourcecode.swift; path = SendDocIdTypeView.swift; sourceTree = "<group>"; };
		CBD3D54E29522D16002074F8 /* SendDocView.swift */ = {isa = PBXFileReference; fileEncoding = 4; lastKnownFileType = sourcecode.swift; path = SendDocView.swift; sourceTree = "<group>"; };
		CBD3D5862953906A002074F8 /* LoginEmailView.swift */ = {isa = PBXFileReference; lastKnownFileType = sourcecode.swift; path = LoginEmailView.swift; sourceTree = "<group>"; };
		CBD3D588295391D1002074F8 /* LoginPasswordView.swift */ = {isa = PBXFileReference; lastKnownFileType = sourcecode.swift; path = LoginPasswordView.swift; sourceTree = "<group>"; };
		CBD3D58A295392C1002074F8 /* LoginButtonsView.swift */ = {isa = PBXFileReference; lastKnownFileType = sourcecode.swift; path = LoginButtonsView.swift; sourceTree = "<group>"; };
		CBD3D59029552C65002074F8 /* SendDocHeaderView.swift */ = {isa = PBXFileReference; lastKnownFileType = sourcecode.swift; path = SendDocHeaderView.swift; sourceTree = "<group>"; };
		CBD3D592295538F1002074F8 /* SendDocViewModel.swift */ = {isa = PBXFileReference; lastKnownFileType = sourcecode.swift; path = SendDocViewModel.swift; sourceTree = "<group>"; };
		CBD3D598295548B7002074F8 /* SendDocIdView.swift */ = {isa = PBXFileReference; lastKnownFileType = sourcecode.swift; path = SendDocIdView.swift; sourceTree = "<group>"; };
		CBD3D59A29554E33002074F8 /* SendDocFieldView.swift */ = {isa = PBXFileReference; lastKnownFileType = sourcecode.swift; path = SendDocFieldView.swift; sourceTree = "<group>"; };
		CBD3D59C29554E55002074F8 /* SendDocCityFieldView.swift */ = {isa = PBXFileReference; lastKnownFileType = sourcecode.swift; path = SendDocCityFieldView.swift; sourceTree = "<group>"; };
		CBD3D59E29554F9D002074F8 /* SendDocPickerPhotoView.swift */ = {isa = PBXFileReference; lastKnownFileType = sourcecode.swift; path = SendDocPickerPhotoView.swift; sourceTree = "<group>"; };
		CBD3D5A029555B7F002074F8 /* BiometricButtonLabel.swift */ = {isa = PBXFileReference; lastKnownFileType = sourcecode.swift; path = BiometricButtonLabel.swift; sourceTree = "<group>"; };
/* End PBXFileReference section */

/* Begin PBXFrameworksBuildPhase section */
		CB633509294922F100CD86E5 /* Frameworks */ = {
			isa = PBXFrameworksBuildPhase;
			buildActionMask = 2147483647;
			files = (
				CB3B429E294B822800B2B6DB /* SwiftKeychainWrapper in Frameworks */,
			);
			runOnlyForDeploymentPostprocessing = 0;
		};
		CB633519294922F300CD86E5 /* Frameworks */ = {
			isa = PBXFrameworksBuildPhase;
			buildActionMask = 2147483647;
			files = (
			);
			runOnlyForDeploymentPostprocessing = 0;
		};
		CB633523294922F300CD86E5 /* Frameworks */ = {
			isa = PBXFrameworksBuildPhase;
			buildActionMask = 2147483647;
			files = (
			);
			runOnlyForDeploymentPostprocessing = 0;
		};
/* End PBXFrameworksBuildPhase section */

/* Begin PBXGroup section */
		CB3A84AC2955E352004BD11F /* WatchDocView */ = {
			isa = PBXGroup;
			children = (
				CB3A84AD2955F759004BD11F /* WatchDocView.swift */,
				CB33D8FB296C80C900E778FC /* WatchDocImageView.swift */,
			);
			path = WatchDocView;
			sourceTree = "<group>";
		};
		CB3A84AF2955FA62004BD11F /* Offices */ = {
			isa = PBXGroup;
			children = (
				CB3A84B02955FA76004BD11F /* OfficesView.swift */,
			);
			path = Offices;
			sourceTree = "<group>";
		};
		CB633503294922F100CD86E5 = {
			isa = PBXGroup;
			children = (
				CB63350E294922F100CD86E5 /* AppSophos */,
				CB63351F294922F300CD86E5 /* AppSophosTests */,
				CB633529294922F300CD86E5 /* AppSophosUITests */,
				CB63350D294922F100CD86E5 /* Products */,
			);
			sourceTree = "<group>";
		};
		CB63350D294922F100CD86E5 /* Products */ = {
			isa = PBXGroup;
			children = (
				CB63350C294922F100CD86E5 /* AppSophos.app */,
				CB63351C294922F300CD86E5 /* AppSophosTests.xctest */,
				CB633526294922F300CD86E5 /* AppSophosUITests.xctest */,
			);
			name = Products;
			sourceTree = "<group>";
		};
		CB63350E294922F100CD86E5 /* AppSophos */ = {
			isa = PBXGroup;
			children = (
				CB55BC08296A56A5009C8C9E /* Info.plist */,
				CB63350F294922F100CD86E5 /* AppSophosApp.swift */,
				CB93BCCC294A13F900732C72 /* Models */,
				CB93BCD2294A20AA00732C72 /* Services */,
				CB9EBDD22950C182009CA465 /* ViewModel */,
				CB93BCC7294A0EDB00732C72 /* Views */,
				CB633513294922F300CD86E5 /* Assets.xcassets */,
				CB633515294922F300CD86E5 /* Preview Content */,
			);
			path = AppSophos;
			sourceTree = "<group>";
		};
		CB633515294922F300CD86E5 /* Preview Content */ = {
			isa = PBXGroup;
			children = (
				CB633516294922F300CD86E5 /* Preview Assets.xcassets */,
			);
			path = "Preview Content";
			sourceTree = "<group>";
		};
		CB63351F294922F300CD86E5 /* AppSophosTests */ = {
			isa = PBXGroup;
			children = (
				CB633520294922F300CD86E5 /* AppSophosTests.swift */,
			);
			path = AppSophosTests;
			sourceTree = "<group>";
		};
		CB633529294922F300CD86E5 /* AppSophosUITests */ = {
			isa = PBXGroup;
			children = (
				CB63352A294922F300CD86E5 /* AppSophosUITests.swift */,
				CB63352C294922F300CD86E5 /* AppSophosUITestsLaunchTests.swift */,
			);
			path = AppSophosUITests;
			sourceTree = "<group>";
		};
		CB93BCC7294A0EDB00732C72 /* Views */ = {
			isa = PBXGroup;
			children = (
				CB3A84AF2955FA62004BD11F /* Offices */,
				CB3A84AC2955E352004BD11F /* WatchDocView */,
				CB9EBDD12950C01A009CA465 /* LoginView */,
				CBD3D54B29522D16002074F8 /* SendDocView */,
				CB9EBDCA2950BE36009CA465 /* MenuView */,
			);
			path = Views;
			sourceTree = "<group>";
		};
		CB93BCCC294A13F900732C72 /* Models */ = {
			isa = PBXGroup;
			children = (
				CB93BCD5294A22F300732C72 /* Credentials.swift */,
				CB89F14F294AC8FE00190634 /* User.swift */,
				CB5836BE29679CB500535499 /* PostDocument.swift */,
				CB55BC062969DD09009C8C9E /* ResultDocumentEmail.swift */,
				CB55BC042969DCCD009C8C9E /* ResultDocumentId.swift */,
				CB33D8F7296BBD8C00E778FC /* Offices.json */,
				CB5836C22967C56D00535499 /* Office.swift */,
				CB33D8F9296BDC5000E778FC /* Put.swift */,
			);
			path = Models;
			sourceTree = "<group>";
		};
		CB93BCD2294A20AA00732C72 /* Services */ = {
			isa = PBXGroup;
			children = (
				CB93BCD9294A31DB00732C72 /* Authentication.swift */,
				CB93BCD3294A211600732C72 /* APIService.swift */,
				CB3B429F294B86B300B2B6DB /* KeychainStorage.swift */,
				CB55BC0B296A6EBD009C8C9E /* LocationManager.swift */,
			);
			path = Services;
			sourceTree = "<group>";
		};
		CB9EBDCA2950BE36009CA465 /* MenuView */ = {
			isa = PBXGroup;
			children = (
				CB93BCCA294A120000732C72 /* MenuView.swift */,
				CB9EBDCD2950BEB6009CA465 /* MenuButtonView.swift */,
				CB9EBDCB2950BE86009CA465 /* MenuBackgroundView.swift */,
				CB9EBDCF2950BF15009CA465 /* BoxView.swift */,
			);
			path = MenuView;
			sourceTree = "<group>";
		};
		CB9EBDD12950C01A009CA465 /* LoginView */ = {
			isa = PBXGroup;
			children = (
				CB6335392949249C00CD86E5 /* LoginView.swift */,
				CB9EBDD32950C545009CA465 /* LoginHeaderView.swift */,
				CBD3D5862953906A002074F8 /* LoginEmailView.swift */,
				CBD3D588295391D1002074F8 /* LoginPasswordView.swift */,
				CBD3D58A295392C1002074F8 /* LoginButtonsView.swift */,
				CBD3D5A029555B7F002074F8 /* BiometricButtonLabel.swift */,
			);
			path = LoginView;
			sourceTree = "<group>";
		};
		CB9EBDD22950C182009CA465 /* ViewModel */ = {
			isa = PBXGroup;
			children = (
				CB93BCC8294A0F1500732C72 /* LoginViewModel.swift */,
				CBD3D592295538F1002074F8 /* SendDocViewModel.swift */,
				CB55BC002969C22F009C8C9E /* WatchDocViewModel.swift */,
				CB33D8FD296C83B100E778FC /* WatchDocImageViewModel.swift */,
				CB33D8FF296F0C4000E778FC /* CameraModel.swift */,
			);
			path = ViewModel;
			sourceTree = "<group>";
		};
		CBD3D54B29522D16002074F8 /* SendDocView */ = {
			isa = PBXGroup;
			children = (
				CBD3D54E29522D16002074F8 /* SendDocView.swift */,
				CBD3D59029552C65002074F8 /* SendDocHeaderView.swift */,
				CBD3D54C29522D16002074F8 /* SendDocIdTypeView.swift */,
				CBD3D598295548B7002074F8 /* SendDocIdView.swift */,
				CBD3D59A29554E33002074F8 /* SendDocFieldView.swift */,
				CBD3D59C29554E55002074F8 /* SendDocCityFieldView.swift */,
				CBD3D59E29554F9D002074F8 /* SendDocPickerPhotoView.swift */,
				CB33D901296F0CB100E778FC /* SendDocCameraView.swift */,
			);
			path = SendDocView;
			sourceTree = "<group>";
		};
/* End PBXGroup section */

/* Begin PBXNativeTarget section */
		CB63350B294922F100CD86E5 /* AppSophos */ = {
			isa = PBXNativeTarget;
			buildConfigurationList = CB633530294922F300CD86E5 /* Build configuration list for PBXNativeTarget "AppSophos" */;
			buildPhases = (
				CB633508294922F100CD86E5 /* Sources */,
				CB633509294922F100CD86E5 /* Frameworks */,
				CB63350A294922F100CD86E5 /* Resources */,
			);
			buildRules = (
			);
			dependencies = (
			);
			name = AppSophos;
			packageProductDependencies = (
				CB3B429D294B822800B2B6DB /* SwiftKeychainWrapper */,
			);
			productName = AppSophos;
			productReference = CB63350C294922F100CD86E5 /* AppSophos.app */;
			productType = "com.apple.product-type.application";
		};
		CB63351B294922F300CD86E5 /* AppSophosTests */ = {
			isa = PBXNativeTarget;
			buildConfigurationList = CB633533294922F300CD86E5 /* Build configuration list for PBXNativeTarget "AppSophosTests" */;
			buildPhases = (
				CB633518294922F300CD86E5 /* Sources */,
				CB633519294922F300CD86E5 /* Frameworks */,
				CB63351A294922F300CD86E5 /* Resources */,
			);
			buildRules = (
			);
			dependencies = (
				CB63351E294922F300CD86E5 /* PBXTargetDependency */,
			);
			name = AppSophosTests;
			productName = AppSophosTests;
			productReference = CB63351C294922F300CD86E5 /* AppSophosTests.xctest */;
			productType = "com.apple.product-type.bundle.unit-test";
		};
		CB633525294922F300CD86E5 /* AppSophosUITests */ = {
			isa = PBXNativeTarget;
			buildConfigurationList = CB633536294922F300CD86E5 /* Build configuration list for PBXNativeTarget "AppSophosUITests" */;
			buildPhases = (
				CB633522294922F300CD86E5 /* Sources */,
				CB633523294922F300CD86E5 /* Frameworks */,
				CB633524294922F300CD86E5 /* Resources */,
			);
			buildRules = (
			);
			dependencies = (
				CB633528294922F300CD86E5 /* PBXTargetDependency */,
			);
			name = AppSophosUITests;
			productName = AppSophosUITests;
			productReference = CB633526294922F300CD86E5 /* AppSophosUITests.xctest */;
			productType = "com.apple.product-type.bundle.ui-testing";
		};
/* End PBXNativeTarget section */

/* Begin PBXProject section */
		CB633504294922F100CD86E5 /* Project object */ = {
			isa = PBXProject;
			attributes = {
				BuildIndependentTargetsInParallel = 1;
				LastSwiftUpdateCheck = 1400;
				LastUpgradeCheck = 1400;
				TargetAttributes = {
					CB63350B294922F100CD86E5 = {
						CreatedOnToolsVersion = 14.0.1;
					};
					CB63351B294922F300CD86E5 = {
						CreatedOnToolsVersion = 14.0.1;
						TestTargetID = CB63350B294922F100CD86E5;
					};
					CB633525294922F300CD86E5 = {
						CreatedOnToolsVersion = 14.0.1;
						TestTargetID = CB63350B294922F100CD86E5;
					};
				};
			};
			buildConfigurationList = CB633507294922F100CD86E5 /* Build configuration list for PBXProject "AppSophos" */;
			compatibilityVersion = "Xcode 14.0";
			developmentRegion = en;
			hasScannedForEncodings = 0;
			knownRegions = (
				en,
				Base,
			);
			mainGroup = CB633503294922F100CD86E5;
			packageReferences = (
				CB3B429C294B822800B2B6DB /* XCRemoteSwiftPackageReference "SwiftKeychainWrapper" */,
			);
			productRefGroup = CB63350D294922F100CD86E5 /* Products */;
			projectDirPath = "";
			projectRoot = "";
			targets = (
				CB63350B294922F100CD86E5 /* AppSophos */,
				CB63351B294922F300CD86E5 /* AppSophosTests */,
				CB633525294922F300CD86E5 /* AppSophosUITests */,
			);
		};
/* End PBXProject section */

/* Begin PBXResourcesBuildPhase section */
		CB63350A294922F100CD86E5 /* Resources */ = {
			isa = PBXResourcesBuildPhase;
			buildActionMask = 2147483647;
			files = (
				CB633517294922F300CD86E5 /* Preview Assets.xcassets in Resources */,
				CB33D8F8296BBD8C00E778FC /* Offices.json in Resources */,
				CB633514294922F300CD86E5 /* Assets.xcassets in Resources */,
			);
			runOnlyForDeploymentPostprocessing = 0;
		};
		CB63351A294922F300CD86E5 /* Resources */ = {
			isa = PBXResourcesBuildPhase;
			buildActionMask = 2147483647;
			files = (
			);
			runOnlyForDeploymentPostprocessing = 0;
		};
		CB633524294922F300CD86E5 /* Resources */ = {
			isa = PBXResourcesBuildPhase;
			buildActionMask = 2147483647;
			files = (
			);
			runOnlyForDeploymentPostprocessing = 0;
		};
/* End PBXResourcesBuildPhase section */

/* Begin PBXSourcesBuildPhase section */
		CB633508294922F100CD86E5 /* Sources */ = {
			isa = PBXSourcesBuildPhase;
			buildActionMask = 2147483647;
			files = (
				CBD3D58B295392C1002074F8 /* LoginButtonsView.swift in Sources */,
				CBD3D55029522D16002074F8 /* SendDocIdTypeView.swift in Sources */,
				CBD3D589295391D1002074F8 /* LoginPasswordView.swift in Sources */,
				CB3A84AE2955F75A004BD11F /* WatchDocView.swift in Sources */,
				CB9EBDD02950BF15009CA465 /* BoxView.swift in Sources */,
				CB5836C32967C56D00535499 /* Office.swift in Sources */,
				CBD3D5A129555B7F002074F8 /* BiometricButtonLabel.swift in Sources */,
				CB9EBDCE2950BEB6009CA465 /* MenuButtonView.swift in Sources */,
				CB5836BF29679CB500535499 /* PostDocument.swift in Sources */,
				CB3A84B12955FA76004BD11F /* OfficesView.swift in Sources */,
				CB93BCCB294A120000732C72 /* MenuView.swift in Sources */,
				CBD3D599295548B7002074F8 /* SendDocIdView.swift in Sources */,
				CB33D8FC296C80C900E778FC /* WatchDocImageView.swift in Sources */,
				CB93BCC9294A0F1500732C72 /* LoginViewModel.swift in Sources */,
				CB63353A2949249C00CD86E5 /* LoginView.swift in Sources */,
				CB93BCD6294A22F300732C72 /* Credentials.swift in Sources */,
				CB33D8FE296C83B100E778FC /* WatchDocImageViewModel.swift in Sources */,
				CB55BC072969DD09009C8C9E /* ResultDocumentEmail.swift in Sources */,
				CB9EBDCC2950BE87009CA465 /* MenuBackgroundView.swift in Sources */,
				CBD3D59F29554F9D002074F8 /* SendDocPickerPhotoView.swift in Sources */,
				CBD3D59D29554E55002074F8 /* SendDocCityFieldView.swift in Sources */,
				CB93BCD4294A211600732C72 /* APIService.swift in Sources */,
				CB33D902296F0CB100E778FC /* SendDocCameraView.swift in Sources */,
				CB33D8FA296BDC5000E778FC /* Put.swift in Sources */,
				CB55BC052969DCCD009C8C9E /* ResultDocumentId.swift in Sources */,
				CB633510294922F100CD86E5 /* AppSophosApp.swift in Sources */,
				CB33D900296F0C4000E778FC /* CameraModel.swift in Sources */,
				CB3B42A0294B86B300B2B6DB /* KeychainStorage.swift in Sources */,
				CBD3D55229522D16002074F8 /* SendDocView.swift in Sources */,
				CB9EBDD42950C545009CA465 /* LoginHeaderView.swift in Sources */,
				CB55BC012969C22F009C8C9E /* WatchDocViewModel.swift in Sources */,
				CB89F150294AC8FE00190634 /* User.swift in Sources */,
				CBD3D5872953906A002074F8 /* LoginEmailView.swift in Sources */,
				CBD3D593295538F1002074F8 /* SendDocViewModel.swift in Sources */,
				CBD3D59129552C65002074F8 /* SendDocHeaderView.swift in Sources */,
				CBD3D59B29554E33002074F8 /* SendDocFieldView.swift in Sources */,
				CB93BCDA294A31DB00732C72 /* Authentication.swift in Sources */,
				CB55BC0C296A6EBD009C8C9E /* LocationManager.swift in Sources */,
			);
			runOnlyForDeploymentPostprocessing = 0;
		};
		CB633518294922F300CD86E5 /* Sources */ = {
			isa = PBXSourcesBuildPhase;
			buildActionMask = 2147483647;
			files = (
				CB633521294922F300CD86E5 /* AppSophosTests.swift in Sources */,
			);
			runOnlyForDeploymentPostprocessing = 0;
		};
		CB633522294922F300CD86E5 /* Sources */ = {
			isa = PBXSourcesBuildPhase;
			buildActionMask = 2147483647;
			files = (
				CB63352D294922F300CD86E5 /* AppSophosUITestsLaunchTests.swift in Sources */,
				CB63352B294922F300CD86E5 /* AppSophosUITests.swift in Sources */,
			);
			runOnlyForDeploymentPostprocessing = 0;
		};
/* End PBXSourcesBuildPhase section */

/* Begin PBXTargetDependency section */
		CB63351E294922F300CD86E5 /* PBXTargetDependency */ = {
			isa = PBXTargetDependency;
			target = CB63350B294922F100CD86E5 /* AppSophos */;
			targetProxy = CB63351D294922F300CD86E5 /* PBXContainerItemProxy */;
		};
		CB633528294922F300CD86E5 /* PBXTargetDependency */ = {
			isa = PBXTargetDependency;
			target = CB63350B294922F100CD86E5 /* AppSophos */;
			targetProxy = CB633527294922F300CD86E5 /* PBXContainerItemProxy */;
		};
/* End PBXTargetDependency section */

/* Begin XCBuildConfiguration section */
		CB63352E294922F300CD86E5 /* Debug */ = {
			isa = XCBuildConfiguration;
			buildSettings = {
				ALWAYS_SEARCH_USER_PATHS = NO;
				CLANG_ANALYZER_NONNULL = YES;
				CLANG_ANALYZER_NUMBER_OBJECT_CONVERSION = YES_AGGRESSIVE;
				CLANG_CXX_LANGUAGE_STANDARD = "gnu++20";
				CLANG_ENABLE_MODULES = YES;
				CLANG_ENABLE_OBJC_ARC = YES;
				CLANG_ENABLE_OBJC_WEAK = YES;
				CLANG_WARN_BLOCK_CAPTURE_AUTORELEASING = YES;
				CLANG_WARN_BOOL_CONVERSION = YES;
				CLANG_WARN_COMMA = YES;
				CLANG_WARN_CONSTANT_CONVERSION = YES;
				CLANG_WARN_DEPRECATED_OBJC_IMPLEMENTATIONS = YES;
				CLANG_WARN_DIRECT_OBJC_ISA_USAGE = YES_ERROR;
				CLANG_WARN_DOCUMENTATION_COMMENTS = YES;
				CLANG_WARN_EMPTY_BODY = YES;
				CLANG_WARN_ENUM_CONVERSION = YES;
				CLANG_WARN_INFINITE_RECURSION = YES;
				CLANG_WARN_INT_CONVERSION = YES;
				CLANG_WARN_NON_LITERAL_NULL_CONVERSION = YES;
				CLANG_WARN_OBJC_IMPLICIT_RETAIN_SELF = YES;
				CLANG_WARN_OBJC_LITERAL_CONVERSION = YES;
				CLANG_WARN_OBJC_ROOT_CLASS = YES_ERROR;
				CLANG_WARN_QUOTED_INCLUDE_IN_FRAMEWORK_HEADER = YES;
				CLANG_WARN_RANGE_LOOP_ANALYSIS = YES;
				CLANG_WARN_STRICT_PROTOTYPES = YES;
				CLANG_WARN_SUSPICIOUS_MOVE = YES;
				CLANG_WARN_UNGUARDED_AVAILABILITY = YES_AGGRESSIVE;
				CLANG_WARN_UNREACHABLE_CODE = YES;
				CLANG_WARN__DUPLICATE_METHOD_MATCH = YES;
				COPY_PHASE_STRIP = NO;
				DEBUG_INFORMATION_FORMAT = dwarf;
				ENABLE_STRICT_OBJC_MSGSEND = YES;
				ENABLE_TESTABILITY = YES;
				GCC_C_LANGUAGE_STANDARD = gnu11;
				GCC_DYNAMIC_NO_PIC = NO;
				GCC_NO_COMMON_BLOCKS = YES;
				GCC_OPTIMIZATION_LEVEL = 0;
				GCC_PREPROCESSOR_DEFINITIONS = (
					"DEBUG=1",
					"$(inherited)",
				);
				GCC_WARN_64_TO_32_BIT_CONVERSION = YES;
				GCC_WARN_ABOUT_RETURN_TYPE = YES_ERROR;
				GCC_WARN_UNDECLARED_SELECTOR = YES;
				GCC_WARN_UNINITIALIZED_AUTOS = YES_AGGRESSIVE;
				GCC_WARN_UNUSED_FUNCTION = YES;
				GCC_WARN_UNUSED_VARIABLE = YES;
				IPHONEOS_DEPLOYMENT_TARGET = 16.0;
				MTL_ENABLE_DEBUG_INFO = INCLUDE_SOURCE;
				MTL_FAST_MATH = YES;
				ONLY_ACTIVE_ARCH = YES;
				SDKROOT = iphoneos;
				SWIFT_ACTIVE_COMPILATION_CONDITIONS = DEBUG;
				SWIFT_OPTIMIZATION_LEVEL = "-Onone";
			};
			name = Debug;
		};
		CB63352F294922F300CD86E5 /* Release */ = {
			isa = XCBuildConfiguration;
			buildSettings = {
				ALWAYS_SEARCH_USER_PATHS = NO;
				CLANG_ANALYZER_NONNULL = YES;
				CLANG_ANALYZER_NUMBER_OBJECT_CONVERSION = YES_AGGRESSIVE;
				CLANG_CXX_LANGUAGE_STANDARD = "gnu++20";
				CLANG_ENABLE_MODULES = YES;
				CLANG_ENABLE_OBJC_ARC = YES;
				CLANG_ENABLE_OBJC_WEAK = YES;
				CLANG_WARN_BLOCK_CAPTURE_AUTORELEASING = YES;
				CLANG_WARN_BOOL_CONVERSION = YES;
				CLANG_WARN_COMMA = YES;
				CLANG_WARN_CONSTANT_CONVERSION = YES;
				CLANG_WARN_DEPRECATED_OBJC_IMPLEMENTATIONS = YES;
				CLANG_WARN_DIRECT_OBJC_ISA_USAGE = YES_ERROR;
				CLANG_WARN_DOCUMENTATION_COMMENTS = YES;
				CLANG_WARN_EMPTY_BODY = YES;
				CLANG_WARN_ENUM_CONVERSION = YES;
				CLANG_WARN_INFINITE_RECURSION = YES;
				CLANG_WARN_INT_CONVERSION = YES;
				CLANG_WARN_NON_LITERAL_NULL_CONVERSION = YES;
				CLANG_WARN_OBJC_IMPLICIT_RETAIN_SELF = YES;
				CLANG_WARN_OBJC_LITERAL_CONVERSION = YES;
				CLANG_WARN_OBJC_ROOT_CLASS = YES_ERROR;
				CLANG_WARN_QUOTED_INCLUDE_IN_FRAMEWORK_HEADER = YES;
				CLANG_WARN_RANGE_LOOP_ANALYSIS = YES;
				CLANG_WARN_STRICT_PROTOTYPES = YES;
				CLANG_WARN_SUSPICIOUS_MOVE = YES;
				CLANG_WARN_UNGUARDED_AVAILABILITY = YES_AGGRESSIVE;
				CLANG_WARN_UNREACHABLE_CODE = YES;
				CLANG_WARN__DUPLICATE_METHOD_MATCH = YES;
				COPY_PHASE_STRIP = NO;
				DEBUG_INFORMATION_FORMAT = "dwarf-with-dsym";
				ENABLE_NS_ASSERTIONS = NO;
				ENABLE_STRICT_OBJC_MSGSEND = YES;
				GCC_C_LANGUAGE_STANDARD = gnu11;
				GCC_NO_COMMON_BLOCKS = YES;
				GCC_WARN_64_TO_32_BIT_CONVERSION = YES;
				GCC_WARN_ABOUT_RETURN_TYPE = YES_ERROR;
				GCC_WARN_UNDECLARED_SELECTOR = YES;
				GCC_WARN_UNINITIALIZED_AUTOS = YES_AGGRESSIVE;
				GCC_WARN_UNUSED_FUNCTION = YES;
				GCC_WARN_UNUSED_VARIABLE = YES;
				IPHONEOS_DEPLOYMENT_TARGET = 16.0;
				MTL_ENABLE_DEBUG_INFO = NO;
				MTL_FAST_MATH = YES;
				SDKROOT = iphoneos;
				SWIFT_COMPILATION_MODE = wholemodule;
				SWIFT_OPTIMIZATION_LEVEL = "-O";
				VALIDATE_PRODUCT = YES;
			};
			name = Release;
		};
		CB633531294922F300CD86E5 /* Debug */ = {
			isa = XCBuildConfiguration;
			buildSettings = {
				ASSETCATALOG_COMPILER_APPICON_NAME = AppIcon;
				ASSETCATALOG_COMPILER_GLOBAL_ACCENT_COLOR_NAME = AccentColor;
				CODE_SIGN_STYLE = Automatic;
				CURRENT_PROJECT_VERSION = 1;
				DEVELOPMENT_ASSET_PATHS = "\"AppSophos/Preview Content\"";
				DEVELOPMENT_TEAM = 523W826V48;
				ENABLE_PREVIEWS = YES;
				GENERATE_INFOPLIST_FILE = YES;
				INFOPLIST_FILE = AppSophos/Info.plist;
				INFOPLIST_KEY_NSCameraUsageDescription = "Allow Camera Access";
				INFOPLIST_KEY_NSFaceIDUsageDescription = "Allow Face ID to access stored credentials";
				INFOPLIST_KEY_NSLocationWhenInUseUsageDescription = "We need your location to show you the closest offices";
				INFOPLIST_KEY_NSPhotoLibraryAddUsageDescription = "Allow to use APIs that have write access to your photo library";
				INFOPLIST_KEY_UIApplicationSceneManifest_Generation = YES;
				INFOPLIST_KEY_UIApplicationSupportsIndirectInputEvents = YES;
				INFOPLIST_KEY_UILaunchScreen_Generation = YES;
				INFOPLIST_KEY_UISupportedInterfaceOrientations = UIInterfaceOrientationPortrait;
				INFOPLIST_KEY_UISupportedInterfaceOrientations_iPad = "UIInterfaceOrientationLandscapeLeft UIInterfaceOrientationLandscapeRight UIInterfaceOrientationPortrait UIInterfaceOrientationPortraitUpsideDown";
				LD_RUNPATH_SEARCH_PATHS = (
					"$(inherited)",
					"@executable_path/Frameworks",
				);
				MARKETING_VERSION = 1.0;
				PRODUCT_BUNDLE_IDENTIFIER = com.margi.AppSophos;
				PRODUCT_NAME = "$(TARGET_NAME)";
				SWIFT_EMIT_LOC_STRINGS = YES;
				SWIFT_VERSION = 5.0;
				TARGETED_DEVICE_FAMILY = "1,2";
			};
			name = Debug;
		};
		CB633532294922F300CD86E5 /* Release */ = {
			isa = XCBuildConfiguration;
			buildSettings = {
				ASSETCATALOG_COMPILER_APPICON_NAME = AppIcon;
				ASSETCATALOG_COMPILER_GLOBAL_ACCENT_COLOR_NAME = AccentColor;
				CODE_SIGN_STYLE = Automatic;
				CURRENT_PROJECT_VERSION = 1;
				DEVELOPMENT_ASSET_PATHS = "\"AppSophos/Preview Content\"";
				DEVELOPMENT_TEAM = 523W826V48;
				ENABLE_PREVIEWS = YES;
				GENERATE_INFOPLIST_FILE = YES;
				INFOPLIST_FILE = AppSophos/Info.plist;
				INFOPLIST_KEY_NSCameraUsageDescription = "Allow Camera Access";
				INFOPLIST_KEY_NSFaceIDUsageDescription = "Allow Face ID to access stored credentials";
				INFOPLIST_KEY_NSLocationWhenInUseUsageDescription = "We need your location to show you the closest offices";
				INFOPLIST_KEY_NSPhotoLibraryAddUsageDescription = "Allow to use APIs that have write access to your photo library";
				INFOPLIST_KEY_UIApplicationSceneManifest_Generation = YES;
				INFOPLIST_KEY_UIApplicationSupportsIndirectInputEvents = YES;
				INFOPLIST_KEY_UILaunchScreen_Generation = YES;
				INFOPLIST_KEY_UISupportedInterfaceOrientations = UIInterfaceOrientationPortrait;
				INFOPLIST_KEY_UISupportedInterfaceOrientations_iPad = "UIInterfaceOrientationLandscapeLeft UIInterfaceOrientationLandscapeRight UIInterfaceOrientationPortrait UIInterfaceOrientationPortraitUpsideDown";
				LD_RUNPATH_SEARCH_PATHS = (
					"$(inherited)",
					"@executable_path/Frameworks",
				);
				MARKETING_VERSION = 1.0;
				PRODUCT_BUNDLE_IDENTIFIER = com.margi.AppSophos;
				PRODUCT_NAME = "$(TARGET_NAME)";
				SWIFT_EMIT_LOC_STRINGS = YES;
				SWIFT_VERSION = 5.0;
				TARGETED_DEVICE_FAMILY = "1,2";
			};
			name = Release;
		};
		CB633534294922F300CD86E5 /* Debug */ = {
			isa = XCBuildConfiguration;
			buildSettings = {
				ALWAYS_EMBED_SWIFT_STANDARD_LIBRARIES = YES;
				BUNDLE_LOADER = "$(TEST_HOST)";
				CODE_SIGN_STYLE = Automatic;
				CURRENT_PROJECT_VERSION = 1;
				DEVELOPMENT_TEAM = 523W826V48;
				GENERATE_INFOPLIST_FILE = YES;
				IPHONEOS_DEPLOYMENT_TARGET = 16.0;
				MARKETING_VERSION = 1.0;
				PRODUCT_BUNDLE_IDENTIFIER = com.margi.AppSophosTests;
				PRODUCT_NAME = "$(TARGET_NAME)";
				SWIFT_EMIT_LOC_STRINGS = NO;
				SWIFT_VERSION = 5.0;
				TARGETED_DEVICE_FAMILY = "1,2";
				TEST_HOST = "$(BUILT_PRODUCTS_DIR)/AppSophos.app/$(BUNDLE_EXECUTABLE_FOLDER_PATH)/AppSophos";
			};
			name = Debug;
		};
		CB633535294922F300CD86E5 /* Release */ = {
			isa = XCBuildConfiguration;
			buildSettings = {
				ALWAYS_EMBED_SWIFT_STANDARD_LIBRARIES = YES;
				BUNDLE_LOADER = "$(TEST_HOST)";
				CODE_SIGN_STYLE = Automatic;
				CURRENT_PROJECT_VERSION = 1;
				DEVELOPMENT_TEAM = 523W826V48;
				GENERATE_INFOPLIST_FILE = YES;
				IPHONEOS_DEPLOYMENT_TARGET = 16.0;
				MARKETING_VERSION = 1.0;
				PRODUCT_BUNDLE_IDENTIFIER = com.margi.AppSophosTests;
				PRODUCT_NAME = "$(TARGET_NAME)";
				SWIFT_EMIT_LOC_STRINGS = NO;
				SWIFT_VERSION = 5.0;
				TARGETED_DEVICE_FAMILY = "1,2";
				TEST_HOST = "$(BUILT_PRODUCTS_DIR)/AppSophos.app/$(BUNDLE_EXECUTABLE_FOLDER_PATH)/AppSophos";
			};
			name = Release;
		};
		CB633537294922F300CD86E5 /* Debug */ = {
			isa = XCBuildConfiguration;
			buildSettings = {
				ALWAYS_EMBED_SWIFT_STANDARD_LIBRARIES = YES;
				CODE_SIGN_STYLE = Automatic;
				CURRENT_PROJECT_VERSION = 1;
				DEVELOPMENT_TEAM = 523W826V48;
				GENERATE_INFOPLIST_FILE = YES;
				MARKETING_VERSION = 1.0;
				PRODUCT_BUNDLE_IDENTIFIER = com.margi.AppSophosUITests;
				PRODUCT_NAME = "$(TARGET_NAME)";
				SWIFT_EMIT_LOC_STRINGS = NO;
				SWIFT_VERSION = 5.0;
				TARGETED_DEVICE_FAMILY = "1,2";
				TEST_TARGET_NAME = AppSophos;
			};
			name = Debug;
		};
		CB633538294922F300CD86E5 /* Release */ = {
			isa = XCBuildConfiguration;
			buildSettings = {
				ALWAYS_EMBED_SWIFT_STANDARD_LIBRARIES = YES;
				CODE_SIGN_STYLE = Automatic;
				CURRENT_PROJECT_VERSION = 1;
				DEVELOPMENT_TEAM = 523W826V48;
				GENERATE_INFOPLIST_FILE = YES;
				MARKETING_VERSION = 1.0;
				PRODUCT_BUNDLE_IDENTIFIER = com.margi.AppSophosUITests;
				PRODUCT_NAME = "$(TARGET_NAME)";
				SWIFT_EMIT_LOC_STRINGS = NO;
				SWIFT_VERSION = 5.0;
				TARGETED_DEVICE_FAMILY = "1,2";
				TEST_TARGET_NAME = AppSophos;
			};
			name = Release;
		};
/* End XCBuildConfiguration section */

/* Begin XCConfigurationList section */
		CB633507294922F100CD86E5 /* Build configuration list for PBXProject "AppSophos" */ = {
			isa = XCConfigurationList;
			buildConfigurations = (
				CB63352E294922F300CD86E5 /* Debug */,
				CB63352F294922F300CD86E5 /* Release */,
			);
			defaultConfigurationIsVisible = 0;
			defaultConfigurationName = Release;
		};
		CB633530294922F300CD86E5 /* Build configuration list for PBXNativeTarget "AppSophos" */ = {
			isa = XCConfigurationList;
			buildConfigurations = (
				CB633531294922F300CD86E5 /* Debug */,
				CB633532294922F300CD86E5 /* Release */,
			);
			defaultConfigurationIsVisible = 0;
			defaultConfigurationName = Release;
		};
		CB633533294922F300CD86E5 /* Build configuration list for PBXNativeTarget "AppSophosTests" */ = {
			isa = XCConfigurationList;
			buildConfigurations = (
				CB633534294922F300CD86E5 /* Debug */,
				CB633535294922F300CD86E5 /* Release */,
			);
			defaultConfigurationIsVisible = 0;
			defaultConfigurationName = Release;
		};
		CB633536294922F300CD86E5 /* Build configuration list for PBXNativeTarget "AppSophosUITests" */ = {
			isa = XCConfigurationList;
			buildConfigurations = (
				CB633537294922F300CD86E5 /* Debug */,
				CB633538294922F300CD86E5 /* Release */,
			);
			defaultConfigurationIsVisible = 0;
			defaultConfigurationName = Release;
		};
/* End XCConfigurationList section */

/* Begin XCRemoteSwiftPackageReference section */
		CB3B429C294B822800B2B6DB /* XCRemoteSwiftPackageReference "SwiftKeychainWrapper" */ = {
			isa = XCRemoteSwiftPackageReference;
			repositoryURL = "https://github.com/jrendel/SwiftKeychainWrapper";
			requirement = {
				kind = upToNextMajorVersion;
				minimumVersion = 4.0.0;
			};
		};
/* End XCRemoteSwiftPackageReference section */

/* Begin XCSwiftPackageProductDependency section */
		CB3B429D294B822800B2B6DB /* SwiftKeychainWrapper */ = {
			isa = XCSwiftPackageProductDependency;
			package = CB3B429C294B822800B2B6DB /* XCRemoteSwiftPackageReference "SwiftKeychainWrapper" */;
			productName = SwiftKeychainWrapper;
		};
/* End XCSwiftPackageProductDependency section */
	};
	rootObject = CB633504294922F100CD86E5 /* Project object */;
}
