// !$*UTF8*$!
{
	archiveVersion = 1;
	classes = {
	};
	objectVersion = 56;
	objects = {

/* Begin PBXBuildFile section */
		CB3B429E294B822800B2B6DB /* SwiftKeychainWrapper in Frameworks */ = {isa = PBXBuildFile; productRef = CB3B429D294B822800B2B6DB /* SwiftKeychainWrapper */; };
		CB3B42A0294B86B300B2B6DB /* KeychainStorage.swift in Sources */ = {isa = PBXBuildFile; fileRef = CB3B429F294B86B300B2B6DB /* KeychainStorage.swift */; };
		CB633510294922F100CD86E5 /* AppSophosApp.swift in Sources */ = {isa = PBXBuildFile; fileRef = CB63350F294922F100CD86E5 /* AppSophosApp.swift */; };
		CB633512294922F100CD86E5 /* ContentView.swift in Sources */ = {isa = PBXBuildFile; fileRef = CB633511294922F100CD86E5 /* ContentView.swift */; };
		CB633514294922F300CD86E5 /* Assets.xcassets in Resources */ = {isa = PBXBuildFile; fileRef = CB633513294922F300CD86E5 /* Assets.xcassets */; };
		CB633517294922F300CD86E5 /* Preview Assets.xcassets in Resources */ = {isa = PBXBuildFile; fileRef = CB633516294922F300CD86E5 /* Preview Assets.xcassets */; };
		CB633521294922F300CD86E5 /* AppSophosTests.swift in Sources */ = {isa = PBXBuildFile; fileRef = CB633520294922F300CD86E5 /* AppSophosTests.swift */; };
		CB63352B294922F300CD86E5 /* AppSophosUITests.swift in Sources */ = {isa = PBXBuildFile; fileRef = CB63352A294922F300CD86E5 /* AppSophosUITests.swift */; };
		CB63352D294922F300CD86E5 /* AppSophosUITestsLaunchTests.swift in Sources */ = {isa = PBXBuildFile; fileRef = CB63352C294922F300CD86E5 /* AppSophosUITestsLaunchTests.swift */; };
		CB63353A2949249C00CD86E5 /* LoginView.swift in Sources */ = {isa = PBXBuildFile; fileRef = CB6335392949249C00CD86E5 /* LoginView.swift */; };
		CB89F150294AC8FE00190634 /* User.swift in Sources */ = {isa = PBXBuildFile; fileRef = CB89F14F294AC8FE00190634 /* User.swift */; };
		CB93BCC9294A0F1500732C72 /* LoginViewModel.swift in Sources */ = {isa = PBXBuildFile; fileRef = CB93BCC8294A0F1500732C72 /* LoginViewModel.swift */; };
		CB93BCCB294A120000732C72 /* MenuView.swift in Sources */ = {isa = PBXBuildFile; fileRef = CB93BCCA294A120000732C72 /* MenuView.swift */; };
		CB93BCD4294A211600732C72 /* APIService.swift in Sources */ = {isa = PBXBuildFile; fileRef = CB93BCD3294A211600732C72 /* APIService.swift */; };
		CB93BCD6294A22F300732C72 /* Credentials.swift in Sources */ = {isa = PBXBuildFile; fileRef = CB93BCD5294A22F300732C72 /* Credentials.swift */; };
		CB93BCD8294A23C500732C72 /* UIApplication+Extension.swift in Sources */ = {isa = PBXBuildFile; fileRef = CB93BCD7294A23C500732C72 /* UIApplication+Extension.swift */; };
		CB93BCDA294A31DB00732C72 /* Authentication.swift in Sources */ = {isa = PBXBuildFile; fileRef = CB93BCD9294A31DB00732C72 /* Authentication.swift */; };
/* End PBXBuildFile section */

/* Begin PBXContainerItemProxy section */
		CB63351D294922F300CD86E5 /* PBXContainerItemProxy */ = {
			isa = PBXContainerItemProxy;
			containerPortal = CB633504294922F100CD86E5 /* Project object */;
			proxyType = 1;
			remoteGlobalIDString = CB63350B294922F100CD86E5;
			remoteInfo = AppSophos;
		};
		CB633527294922F300CD86E5 /* PBXContainerItemProxy */ = {
			isa = PBXContainerItemProxy;
			containerPortal = CB633504294922F100CD86E5 /* Project object */;
			proxyType = 1;
			remoteGlobalIDString = CB63350B294922F100CD86E5;
			remoteInfo = AppSophos;
		};
/* End PBXContainerItemProxy section */

/* Begin PBXFileReference section */
		CB3B429F294B86B300B2B6DB /* KeychainStorage.swift */ = {isa = PBXFileReference; lastKnownFileType = sourcecode.swift; path = KeychainStorage.swift; sourceTree = "<group>"; };
		CB63350C294922F100CD86E5 /* AppSophos.app */ = {isa = PBXFileReference; explicitFileType = wrapper.application; includeInIndex = 0; path = AppSophos.app; sourceTree = BUILT_PRODUCTS_DIR; };
		CB63350F294922F100CD86E5 /* AppSophosApp.swift */ = {isa = PBXFileReference; lastKnownFileType = sourcecode.swift; path = AppSophosApp.swift; sourceTree = "<group>"; };
		CB633511294922F100CD86E5 /* ContentView.swift */ = {isa = PBXFileReference; lastKnownFileType = sourcecode.swift; path = ContentView.swift; sourceTree = "<group>"; };
		CB633513294922F300CD86E5 /* Assets.xcassets */ = {isa = PBXFileReference; lastKnownFileType = folder.assetcatalog; path = Assets.xcassets; sourceTree = "<group>"; };
		CB633516294922F300CD86E5 /* Preview Assets.xcassets */ = {isa = PBXFileReference; lastKnownFileType = folder.assetcatalog; path = "Preview Assets.xcassets"; sourceTree = "<group>"; };
		CB63351C294922F300CD86E5 /* AppSophosTests.xctest */ = {isa = PBXFileReference; explicitFileType = wrapper.cfbundle; includeInIndex = 0; path = AppSophosTests.xctest; sourceTree = BUILT_PRODUCTS_DIR; };
		CB633520294922F300CD86E5 /* AppSophosTests.swift */ = {isa = PBXFileReference; lastKnownFileType = sourcecode.swift; path = AppSophosTests.swift; sourceTree = "<group>"; };
		CB633526294922F300CD86E5 /* AppSophosUITests.xctest */ = {isa = PBXFileReference; explicitFileType = wrapper.cfbundle; includeInIndex = 0; path = AppSophosUITests.xctest; sourceTree = BUILT_PRODUCTS_DIR; };
		CB63352A294922F300CD86E5 /* AppSophosUITests.swift */ = {isa = PBXFileReference; lastKnownFileType = sourcecode.swift; path = AppSophosUITests.swift; sourceTree = "<group>"; };
		CB63352C294922F300CD86E5 /* AppSophosUITestsLaunchTests.swift */ = {isa = PBXFileReference; lastKnownFileType = sourcecode.swift; path = AppSophosUITestsLaunchTests.swift; sourceTree = "<group>"; };
		CB6335392949249C00CD86E5 /* LoginView.swift */ = {isa = PBXFileReference; lastKnownFileType = sourcecode.swift; path = LoginView.swift; sourceTree = "<group>"; };
		CB89F14F294AC8FE00190634 /* User.swift */ = {isa = PBXFileReference; lastKnownFileType = sourcecode.swift; path = User.swift; sourceTree = "<group>"; };
		CB93BCC8294A0F1500732C72 /* LoginViewModel.swift */ = {isa = PBXFileReference; lastKnownFileType = sourcecode.swift; path = LoginViewModel.swift; sourceTree = "<group>"; };
		CB93BCCA294A120000732C72 /* MenuView.swift */ = {isa = PBXFileReference; lastKnownFileType = sourcecode.swift; path = MenuView.swift; sourceTree = "<group>"; };
		CB93BCD3294A211600732C72 /* APIService.swift */ = {isa = PBXFileReference; lastKnownFileType = sourcecode.swift; path = APIService.swift; sourceTree = "<group>"; };
		CB93BCD5294A22F300732C72 /* Credentials.swift */ = {isa = PBXFileReference; lastKnownFileType = sourcecode.swift; path = Credentials.swift; sourceTree = "<group>"; };
		CB93BCD7294A23C500732C72 /* UIApplication+Extension.swift */ = {isa = PBXFileReference; lastKnownFileType = sourcecode.swift; path = "UIApplication+Extension.swift"; sourceTree = "<group>"; };
		CB93BCD9294A31DB00732C72 /* Authentication.swift */ = {isa = PBXFileReference; lastKnownFileType = sourcecode.swift; path = Authentication.swift; sourceTree = "<group>"; };
/* End PBXFileReference section */

/* Begin PBXFrameworksBuildPhase section */
		CB633509294922F100CD86E5 /* Frameworks */ = {
			isa = PBXFrameworksBuildPhase;
			buildActionMask = 2147483647;
			files = (
				CB3B429E294B822800B2B6DB /* SwiftKeychainWrapper in Frameworks */,
			);
			runOnlyForDeploymentPostprocessing = 0;
		};
		CB633519294922F300CD86E5 /* Frameworks */ = {
			isa = PBXFrameworksBuildPhase;
			buildActionMask = 2147483647;
			files = (
			);
			runOnlyForDeploymentPostprocessing = 0;
		};
		CB633523294922F300CD86E5 /* Frameworks */ = {
			isa = PBXFrameworksBuildPhase;
			buildActionMask = 2147483647;
			files = (
			);
			runOnlyForDeploymentPostprocessing = 0;
		};
/* End PBXFrameworksBuildPhase section */

/* Begin PBXGroup section */
		CB633503294922F100CD86E5 = {
			isa = PBXGroup;
			children = (
				CB63350E294922F100CD86E5 /* AppSophos */,
				CB63351F294922F300CD86E5 /* AppSophosTests */,
				CB633529294922F300CD86E5 /* AppSophosUITests */,
				CB63350D294922F100CD86E5 /* Products */,
			);
			sourceTree = "<group>";
		};
		CB63350D294922F100CD86E5 /* Products */ = {
			isa = PBXGroup;
			children = (
				CB63350C294922F100CD86E5 /* AppSophos.app */,
				CB63351C294922F300CD86E5 /* AppSophosTests.xctest */,
				CB633526294922F300CD86E5 /* AppSophosUITests.xctest */,
			);
			name = Products;
			sourceTree = "<group>";
		};
		CB63350E294922F100CD86E5 /* AppSophos */ = {
			isa = PBXGroup;
			children = (
				CB63350F294922F100CD86E5 /* AppSophosApp.swift */,
				CB93BCD9294A31DB00732C72 /* Authentication.swift */,
				CB93BCD2294A20AA00732C72 /* Services */,
				CB93BCCC294A13F900732C72 /* Models */,
				CB93BCC7294A0EDB00732C72 /* Views */,
				CB633513294922F300CD86E5 /* Assets.xcassets */,
				CB633515294922F300CD86E5 /* Preview Content */,
			);
			path = AppSophos;
			sourceTree = "<group>";
		};
		CB633515294922F300CD86E5 /* Preview Content */ = {
			isa = PBXGroup;
			children = (
				CB633516294922F300CD86E5 /* Preview Assets.xcassets */,
			);
			path = "Preview Content";
			sourceTree = "<group>";
		};
		CB63351F294922F300CD86E5 /* AppSophosTests */ = {
			isa = PBXGroup;
			children = (
				CB633520294922F300CD86E5 /* AppSophosTests.swift */,
			);
			path = AppSophosTests;
			sourceTree = "<group>";
		};
		CB633529294922F300CD86E5 /* AppSophosUITests */ = {
			isa = PBXGroup;
			children = (
				CB63352A294922F300CD86E5 /* AppSophosUITests.swift */,
				CB63352C294922F300CD86E5 /* AppSophosUITestsLaunchTests.swift */,
			);
			path = AppSophosUITests;
			sourceTree = "<group>";
		};
		CB93BCC7294A0EDB00732C72 /* Views */ = {
			isa = PBXGroup;
			children = (
				CB633511294922F100CD86E5 /* ContentView.swift */,
				CB6335392949249C00CD86E5 /* LoginView.swift */,
				CB93BCC8294A0F1500732C72 /* LoginViewModel.swift */,
				CB93BCCA294A120000732C72 /* MenuView.swift */,
			);
			path = Views;
			sourceTree = "<group>";
		};
		CB93BCCC294A13F900732C72 /* Models */ = {
			isa = PBXGroup;
			children = (
				CB93BCD5294A22F300732C72 /* Credentials.swift */,
				CB93BCCD294A140100732C72 /* Request */,
				CB89F14F294AC8FE00190634 /* User.swift */,
			);
			path = Models;
			sourceTree = "<group>";
		};
		CB93BCCD294A140100732C72 /* Request */ = {
			isa = PBXGroup;
			children = (
			);
			path = Request;
			sourceTree = "<group>";
		};
		CB93BCD2294A20AA00732C72 /* Services */ = {
			isa = PBXGroup;
			children = (
				CB93BCD3294A211600732C72 /* APIService.swift */,
				CB93BCD7294A23C500732C72 /* UIApplication+Extension.swift */,
				CB3B429F294B86B300B2B6DB /* KeychainStorage.swift */,
			);
			path = Services;
			sourceTree = "<group>";
		};
/* End PBXGroup section */

/* Begin PBXNativeTarget section */
		CB63350B294922F100CD86E5 /* AppSophos */ = {
			isa = PBXNativeTarget;
			buildConfigurationList = CB633530294922F300CD86E5 /* Build configuration list for PBXNativeTarget "AppSophos" */;
			buildPhases = (
				CB633508294922F100CD86E5 /* Sources */,
				CB633509294922F100CD86E5 /* Frameworks */,
				CB63350A294922F100CD86E5 /* Resources */,
			);
			buildRules = (
			);
			dependencies = (
			);
			name = AppSophos;
			packageProductDependencies = (
				CB3B429D294B822800B2B6DB /* SwiftKeychainWrapper */,
			);
			productName = AppSophos;
			productReference = CB63350C294922F100CD86E5 /* AppSophos.app */;
			productType = "com.apple.product-type.application";
		};
		CB63351B294922F300CD86E5 /* AppSophosTests */ = {
			isa = PBXNativeTarget;
			buildConfigurationList = CB633533294922F300CD86E5 /* Build configuration list for PBXNativeTarget "AppSophosTests" */;
			buildPhases = (
				CB633518294922F300CD86E5 /* Sources */,
				CB633519294922F300CD86E5 /* Frameworks */,
				CB63351A294922F300CD86E5 /* Resources */,
			);
			buildRules = (
			);
			dependencies = (
				CB63351E294922F300CD86E5 /* PBXTargetDependency */,
			);
			name = AppSophosTests;
			productName = AppSophosTests;
			productReference = CB63351C294922F300CD86E5 /* AppSophosTests.xctest */;
			productType = "com.apple.product-type.bundle.unit-test";
		};
		CB633525294922F300CD86E5 /* AppSophosUITests */ = {
			isa = PBXNativeTarget;
			buildConfigurationList = CB633536294922F300CD86E5 /* Build configuration list for PBXNativeTarget "AppSophosUITests" */;
			buildPhases = (
				CB633522294922F300CD86E5 /* Sources */,
				CB633523294922F300CD86E5 /* Frameworks */,
				CB633524294922F300CD86E5 /* Resources */,
			);
			buildRules = (
			);
			dependencies = (
				CB633528294922F300CD86E5 /* PBXTargetDependency */,
			);
			name = AppSophosUITests;
			productName = AppSophosUITests;
			productReference = CB633526294922F300CD86E5 /* AppSophosUITests.xctest */;
			productType = "com.apple.product-type.bundle.ui-testing";
		};
/* End PBXNativeTarget section */

/* Begin PBXProject section */
		CB633504294922F100CD86E5 /* Project object */ = {
			isa = PBXProject;
			attributes = {
				BuildIndependentTargetsInParallel = 1;
				LastSwiftUpdateCheck = 1400;
				LastUpgradeCheck = 1400;
				TargetAttributes = {
					CB63350B294922F100CD86E5 = {
						CreatedOnToolsVersion = 14.0.1;
					};
					CB63351B294922F300CD86E5 = {
						CreatedOnToolsVersion = 14.0.1;
						TestTargetID = CB63350B294922F100CD86E5;
					};
					CB633525294922F300CD86E5 = {
						CreatedOnToolsVersion = 14.0.1;
						TestTargetID = CB63350B294922F100CD86E5;
					};
				};
			};
			buildConfigurationList = CB633507294922F100CD86E5 /* Build configuration list for PBXProject "AppSophos" */;
			compatibilityVersion = "Xcode 14.0";
			developmentRegion = en;
			hasScannedForEncodings = 0;
			knownRegions = (
				en,
				Base,
			);
			mainGroup = CB633503294922F100CD86E5;
			packageReferences = (
				CB3B429C294B822800B2B6DB /* XCRemoteSwiftPackageReference "SwiftKeychainWrapper" */,
			);
			productRefGroup = CB63350D294922F100CD86E5 /* Products */;
			projectDirPath = "";
			projectRoot = "";
			targets = (
				CB63350B294922F100CD86E5 /* AppSophos */,
				CB63351B294922F300CD86E5 /* AppSophosTests */,
				CB633525294922F300CD86E5 /* AppSophosUITests */,
			);
		};
/* End PBXProject section */

/* Begin PBXResourcesBuildPhase section */
		CB63350A294922F100CD86E5 /* Resources */ = {
			isa = PBXResourcesBuildPhase;
			buildActionMask = 2147483647;
			files = (
				CB633517294922F300CD86E5 /* Preview Assets.xcassets in Resources */,
				CB633514294922F300CD86E5 /* Assets.xcassets in Resources */,
			);
			runOnlyForDeploymentPostprocessing = 0;
		};
		CB63351A294922F300CD86E5 /* Resources */ = {
			isa = PBXResourcesBuildPhase;
			buildActionMask = 2147483647;
			files = (
			);
			runOnlyForDeploymentPostprocessing = 0;
		};
		CB633524294922F300CD86E5 /* Resources */ = {
			isa = PBXResourcesBuildPhase;
			buildActionMask = 2147483647;
			files = (
			);
			runOnlyForDeploymentPostprocessing = 0;
		};
/* End PBXResourcesBuildPhase section */

/* Begin PBXSourcesBuildPhase section */
		CB633508294922F100CD86E5 /* Sources */ = {
			isa = PBXSourcesBuildPhase;
			buildActionMask = 2147483647;
			files = (
				CB93BCCB294A120000732C72 /* MenuView.swift in Sources */,
				CB93BCC9294A0F1500732C72 /* LoginViewModel.swift in Sources */,
				CB63353A2949249C00CD86E5 /* LoginView.swift in Sources */,
				CB93BCD6294A22F300732C72 /* Credentials.swift in Sources */,
				CB93BCD8294A23C500732C72 /* UIApplication+Extension.swift in Sources */,
				CB633512294922F100CD86E5 /* ContentView.swift in Sources */,
				CB93BCD4294A211600732C72 /* APIService.swift in Sources */,
				CB633510294922F100CD86E5 /* AppSophosApp.swift in Sources */,
				CB3B42A0294B86B300B2B6DB /* KeychainStorage.swift in Sources */,
				CB89F150294AC8FE00190634 /* User.swift in Sources */,
				CB93BCDA294A31DB00732C72 /* Authentication.swift in Sources */,
			);
			runOnlyForDeploymentPostprocessing = 0;
		};
		CB633518294922F300CD86E5 /* Sources */ = {
			isa = PBXSourcesBuildPhase;
			buildActionMask = 2147483647;
			files = (
				CB633521294922F300CD86E5 /* AppSophosTests.swift in Sources */,
			);
			runOnlyForDeploymentPostprocessing = 0;
		};
		CB633522294922F300CD86E5 /* Sources */ = {
			isa = PBXSourcesBuildPhase;
			buildActionMask = 2147483647;
			files = (
				CB63352D294922F300CD86E5 /* AppSophosUITestsLaunchTests.swift in Sources */,
				CB63352B294922F300CD86E5 /* AppSophosUITests.swift in Sources */,
			);
			runOnlyForDeploymentPostprocessing = 0;
		};
/* End PBXSourcesBuildPhase section */

/* Begin PBXTargetDependency section */
		CB63351E294922F300CD86E5 /* PBXTargetDependency */ = {
			isa = PBXTargetDependency;
			target = CB63350B294922F100CD86E5 /* AppSophos */;
			targetProxy = CB63351D294922F300CD86E5 /* PBXContainerItemProxy */;
		};
		CB633528294922F300CD86E5 /* PBXTargetDependency */ = {
			isa = PBXTargetDependency;
			target = CB63350B294922F100CD86E5 /* AppSophos */;
			targetProxy = CB633527294922F300CD86E5 /* PBXContainerItemProxy */;
		};
/* End PBXTargetDependency section */

/* Begin XCBuildConfiguration section */
		CB63352E294922F300CD86E5 /* Debug */ = {
			isa = XCBuildConfiguration;
			buildSettings = {
				ALWAYS_SEARCH_USER_PATHS = NO;
				CLANG_ANALYZER_NONNULL = YES;
				CLANG_ANALYZER_NUMBER_OBJECT_CONVERSION = YES_AGGRESSIVE;
				CLANG_CXX_LANGUAGE_STANDARD = "gnu++20";
				CLANG_ENABLE_MODULES = YES;
				CLANG_ENABLE_OBJC_ARC = YES;
				CLANG_ENABLE_OBJC_WEAK = YES;
				CLANG_WARN_BLOCK_CAPTURE_AUTORELEASING = YES;
				CLANG_WARN_BOOL_CONVERSION = YES;
				CLANG_WARN_COMMA = YES;
				CLANG_WARN_CONSTANT_CONVERSION = YES;
				CLANG_WARN_DEPRECATED_OBJC_IMPLEMENTATIONS = YES;
				CLANG_WARN_DIRECT_OBJC_ISA_USAGE = YES_ERROR;
				CLANG_WARN_DOCUMENTATION_COMMENTS = YES;
				CLANG_WARN_EMPTY_BODY = YES;
				CLANG_WARN_ENUM_CONVERSION = YES;
				CLANG_WARN_INFINITE_RECURSION = YES;
				CLANG_WARN_INT_CONVERSION = YES;
				CLANG_WARN_NON_LITERAL_NULL_CONVERSION = YES;
				CLANG_WARN_OBJC_IMPLICIT_RETAIN_SELF = YES;
				CLANG_WARN_OBJC_LITERAL_CONVERSION = YES;
				CLANG_WARN_OBJC_ROOT_CLASS = YES_ERROR;
				CLANG_WARN_QUOTED_INCLUDE_IN_FRAMEWORK_HEADER = YES;
				CLANG_WARN_RANGE_LOOP_ANALYSIS = YES;
				CLANG_WARN_STRICT_PROTOTYPES = YES;
				CLANG_WARN_SUSPICIOUS_MOVE = YES;
				CLANG_WARN_UNGUARDED_AVAILABILITY = YES_AGGRESSIVE;
				CLANG_WARN_UNREACHABLE_CODE = YES;
				CLANG_WARN__DUPLICATE_METHOD_MATCH = YES;
				COPY_PHASE_STRIP = NO;
				DEBUG_INFORMATION_FORMAT = dwarf;
				ENABLE_STRICT_OBJC_MSGSEND = YES;
				ENABLE_TESTABILITY = YES;
				GCC_C_LANGUAGE_STANDARD = gnu11;
				GCC_DYNAMIC_NO_PIC = NO;
				GCC_NO_COMMON_BLOCKS = YES;
				GCC_OPTIMIZATION_LEVEL = 0;
				GCC_PREPROCESSOR_DEFINITIONS = (
					"DEBUG=1",
					"$(inherited)",
				);
				GCC_WARN_64_TO_32_BIT_CONVERSION = YES;
				GCC_WARN_ABOUT_RETURN_TYPE = YES_ERROR;
				GCC_WARN_UNDECLARED_SELECTOR = YES;
				GCC_WARN_UNINITIALIZED_AUTOS = YES_AGGRESSIVE;
				GCC_WARN_UNUSED_FUNCTION = YES;
				GCC_WARN_UNUSED_VARIABLE = YES;
				IPHONEOS_DEPLOYMENT_TARGET = 16.0;
				MTL_ENABLE_DEBUG_INFO = INCLUDE_SOURCE;
				MTL_FAST_MATH = YES;
				ONLY_ACTIVE_ARCH = YES;
				SDKROOT = iphoneos;
				SWIFT_ACTIVE_COMPILATION_CONDITIONS = DEBUG;
				SWIFT_OPTIMIZATION_LEVEL = "-Onone";
			};
			name = Debug;
		};
		CB63352F294922F300CD86E5 /* Release */ = {
			isa = XCBuildConfiguration;
			buildSettings = {
				ALWAYS_SEARCH_USER_PATHS = NO;
				CLANG_ANALYZER_NONNULL = YES;
				CLANG_ANALYZER_NUMBER_OBJECT_CONVERSION = YES_AGGRESSIVE;
				CLANG_CXX_LANGUAGE_STANDARD = "gnu++20";
				CLANG_ENABLE_MODULES = YES;
				CLANG_ENABLE_OBJC_ARC = YES;
				CLANG_ENABLE_OBJC_WEAK = YES;
				CLANG_WARN_BLOCK_CAPTURE_AUTORELEASING = YES;
				CLANG_WARN_BOOL_CONVERSION = YES;
				CLANG_WARN_COMMA = YES;
				CLANG_WARN_CONSTANT_CONVERSION = YES;
				CLANG_WARN_DEPRECATED_OBJC_IMPLEMENTATIONS = YES;
				CLANG_WARN_DIRECT_OBJC_ISA_USAGE = YES_ERROR;
				CLANG_WARN_DOCUMENTATION_COMMENTS = YES;
				CLANG_WARN_EMPTY_BODY = YES;
				CLANG_WARN_ENUM_CONVERSION = YES;
				CLANG_WARN_INFINITE_RECURSION = YES;
				CLANG_WARN_INT_CONVERSION = YES;
				CLANG_WARN_NON_LITERAL_NULL_CONVERSION = YES;
				CLANG_WARN_OBJC_IMPLICIT_RETAIN_SELF = YES;
				CLANG_WARN_OBJC_LITERAL_CONVERSION = YES;
				CLANG_WARN_OBJC_ROOT_CLASS = YES_ERROR;
				CLANG_WARN_QUOTED_INCLUDE_IN_FRAMEWORK_HEADER = YES;
				CLANG_WARN_RANGE_LOOP_ANALYSIS = YES;
				CLANG_WARN_STRICT_PROTOTYPES = YES;
				CLANG_WARN_SUSPICIOUS_MOVE = YES;
				CLANG_WARN_UNGUARDED_AVAILABILITY = YES_AGGRESSIVE;
				CLANG_WARN_UNREACHABLE_CODE = YES;
				CLANG_WARN__DUPLICATE_METHOD_MATCH = YES;
				COPY_PHASE_STRIP = NO;
				DEBUG_INFORMATION_FORMAT = "dwarf-with-dsym";
				ENABLE_NS_ASSERTIONS = NO;
				ENABLE_STRICT_OBJC_MSGSEND = YES;
				GCC_C_LANGUAGE_STANDARD = gnu11;
				GCC_NO_COMMON_BLOCKS = YES;
				GCC_WARN_64_TO_32_BIT_CONVERSION = YES;
				GCC_WARN_ABOUT_RETURN_TYPE = YES_ERROR;
				GCC_WARN_UNDECLARED_SELECTOR = YES;
				GCC_WARN_UNINITIALIZED_AUTOS = YES_AGGRESSIVE;
				GCC_WARN_UNUSED_FUNCTION = YES;
				GCC_WARN_UNUSED_VARIABLE = YES;
				IPHONEOS_DEPLOYMENT_TARGET = 16.0;
				MTL_ENABLE_DEBUG_INFO = NO;
				MTL_FAST_MATH = YES;
				SDKROOT = iphoneos;
				SWIFT_COMPILATION_MODE = wholemodule;
				SWIFT_OPTIMIZATION_LEVEL = "-O";
				VALIDATE_PRODUCT = YES;
			};
			name = Release;
		};
		CB633531294922F300CD86E5 /* Debug */ = {
			isa = XCBuildConfiguration;
			buildSettings = {
				ASSETCATALOG_COMPILER_APPICON_NAME = AppIcon;
				ASSETCATALOG_COMPILER_GLOBAL_ACCENT_COLOR_NAME = AccentColor;
				CODE_SIGN_STYLE = Automatic;
				CURRENT_PROJECT_VERSION = 1;
				DEVELOPMENT_ASSET_PATHS = "\"AppSophos/Preview Content\"";
				DEVELOPMENT_TEAM = 523W826V48;
				ENABLE_PREVIEWS = YES;
				GENERATE_INFOPLIST_FILE = YES;
				INFOPLIST_KEY_NSFaceIDUsageDescription = "Allow Face ID to access stored credentials";
				INFOPLIST_KEY_UIApplicationSceneManifest_Generation = YES;
				INFOPLIST_KEY_UIApplicationSupportsIndirectInputEvents = YES;
				INFOPLIST_KEY_UILaunchScreen_Generation = YES;
				INFOPLIST_KEY_UISupportedInterfaceOrientations = UIInterfaceOrientationPortrait;
				INFOPLIST_KEY_UISupportedInterfaceOrientations_iPad = "UIInterfaceOrientationLandscapeLeft UIInterfaceOrientationLandscapeRight UIInterfaceOrientationPortrait UIInterfaceOrientationPortraitUpsideDown";
				LD_RUNPATH_SEARCH_PATHS = (
					"$(inherited)",
					"@executable_path/Frameworks",
				);
				MARKETING_VERSION = 1.0;
				PRODUCT_BUNDLE_IDENTIFIER = com.margi.AppSophos;
				PRODUCT_NAME = "$(TARGET_NAME)";
				SWIFT_EMIT_LOC_STRINGS = YES;
				SWIFT_VERSION = 5.0;
				TARGETED_DEVICE_FAMILY = "1,2";
			};
			name = Debug;
		};
		CB633532294922F300CD86E5 /* Release */ = {
			isa = XCBuildConfiguration;
			buildSettings = {
				ASSETCATALOG_COMPILER_APPICON_NAME = AppIcon;
				ASSETCATALOG_COMPILER_GLOBAL_ACCENT_COLOR_NAME = AccentColor;
				CODE_SIGN_STYLE = Automatic;
				CURRENT_PROJECT_VERSION = 1;
				DEVELOPMENT_ASSET_PATHS = "\"AppSophos/Preview Content\"";
				DEVELOPMENT_TEAM = 523W826V48;
				ENABLE_PREVIEWS = YES;
				GENERATE_INFOPLIST_FILE = YES;
				INFOPLIST_KEY_NSFaceIDUsageDescription = "Allow Face ID to access stored credentials";
				INFOPLIST_KEY_UIApplicationSceneManifest_Generation = YES;
				INFOPLIST_KEY_UIApplicationSupportsIndirectInputEvents = YES;
				INFOPLIST_KEY_UILaunchScreen_Generation = YES;
				INFOPLIST_KEY_UISupportedInterfaceOrientations = UIInterfaceOrientationPortrait;
				INFOPLIST_KEY_UISupportedInterfaceOrientations_iPad = "UIInterfaceOrientationLandscapeLeft UIInterfaceOrientationLandscapeRight UIInterfaceOrientationPortrait UIInterfaceOrientationPortraitUpsideDown";
				LD_RUNPATH_SEARCH_PATHS = (
					"$(inherited)",
					"@executable_path/Frameworks",
				);
				MARKETING_VERSION = 1.0;
				PRODUCT_BUNDLE_IDENTIFIER = com.margi.AppSophos;
				PRODUCT_NAME = "$(TARGET_NAME)";
				SWIFT_EMIT_LOC_STRINGS = YES;
				SWIFT_VERSION = 5.0;
				TARGETED_DEVICE_FAMILY = "1,2";
			};
			name = Release;
		};
		CB633534294922F300CD86E5 /* Debug */ = {
			isa = XCBuildConfiguration;
			buildSettings = {
				ALWAYS_EMBED_SWIFT_STANDARD_LIBRARIES = YES;
				BUNDLE_LOADER = "$(TEST_HOST)";
				CODE_SIGN_STYLE = Automatic;
				CURRENT_PROJECT_VERSION = 1;
				DEVELOPMENT_TEAM = 523W826V48;
				GENERATE_INFOPLIST_FILE = YES;
				IPHONEOS_DEPLOYMENT_TARGET = 16.0;
				MARKETING_VERSION = 1.0;
				PRODUCT_BUNDLE_IDENTIFIER = com.margi.AppSophosTests;
				PRODUCT_NAME = "$(TARGET_NAME)";
				SWIFT_EMIT_LOC_STRINGS = NO;
				SWIFT_VERSION = 5.0;
				TARGETED_DEVICE_FAMILY = "1,2";
				TEST_HOST = "$(BUILT_PRODUCTS_DIR)/AppSophos.app/$(BUNDLE_EXECUTABLE_FOLDER_PATH)/AppSophos";
			};
			name = Debug;
		};
		CB633535294922F300CD86E5 /* Release */ = {
			isa = XCBuildConfiguration;
			buildSettings = {
				ALWAYS_EMBED_SWIFT_STANDARD_LIBRARIES = YES;
				BUNDLE_LOADER = "$(TEST_HOST)";
				CODE_SIGN_STYLE = Automatic;
				CURRENT_PROJECT_VERSION = 1;
				DEVELOPMENT_TEAM = 523W826V48;
				GENERATE_INFOPLIST_FILE = YES;
				IPHONEOS_DEPLOYMENT_TARGET = 16.0;
				MARKETING_VERSION = 1.0;
				PRODUCT_BUNDLE_IDENTIFIER = com.margi.AppSophosTests;
				PRODUCT_NAME = "$(TARGET_NAME)";
				SWIFT_EMIT_LOC_STRINGS = NO;
				SWIFT_VERSION = 5.0;
				TARGETED_DEVICE_FAMILY = "1,2";
				TEST_HOST = "$(BUILT_PRODUCTS_DIR)/AppSophos.app/$(BUNDLE_EXECUTABLE_FOLDER_PATH)/AppSophos";
			};
			name = Release;
		};
		CB633537294922F300CD86E5 /* Debug */ = {
			isa = XCBuildConfiguration;
			buildSettings = {
				ALWAYS_EMBED_SWIFT_STANDARD_LIBRARIES = YES;
				CODE_SIGN_STYLE = Automatic;
				CURRENT_PROJECT_VERSION = 1;
				DEVELOPMENT_TEAM = 523W826V48;
				GENERATE_INFOPLIST_FILE = YES;
				MARKETING_VERSION = 1.0;
				PRODUCT_BUNDLE_IDENTIFIER = com.margi.AppSophosUITests;
				PRODUCT_NAME = "$(TARGET_NAME)";
				SWIFT_EMIT_LOC_STRINGS = NO;
				SWIFT_VERSION = 5.0;
				TARGETED_DEVICE_FAMILY = "1,2";
				TEST_TARGET_NAME = AppSophos;
			};
			name = Debug;
		};
		CB633538294922F300CD86E5 /* Release */ = {
			isa = XCBuildConfiguration;
			buildSettings = {
				ALWAYS_EMBED_SWIFT_STANDARD_LIBRARIES = YES;
				CODE_SIGN_STYLE = Automatic;
				CURRENT_PROJECT_VERSION = 1;
				DEVELOPMENT_TEAM = 523W826V48;
				GENERATE_INFOPLIST_FILE = YES;
				MARKETING_VERSION = 1.0;
				PRODUCT_BUNDLE_IDENTIFIER = com.margi.AppSophosUITests;
				PRODUCT_NAME = "$(TARGET_NAME)";
				SWIFT_EMIT_LOC_STRINGS = NO;
				SWIFT_VERSION = 5.0;
				TARGETED_DEVICE_FAMILY = "1,2";
				TEST_TARGET_NAME = AppSophos;
			};
			name = Release;
		};
/* End XCBuildConfiguration section */

/* Begin XCConfigurationList section */
		CB633507294922F100CD86E5 /* Build configuration list for PBXProject "AppSophos" */ = {
			isa = XCConfigurationList;
			buildConfigurations = (
				CB63352E294922F300CD86E5 /* Debug */,
				CB63352F294922F300CD86E5 /* Release */,
			);
			defaultConfigurationIsVisible = 0;
			defaultConfigurationName = Release;
		};
		CB633530294922F300CD86E5 /* Build configuration list for PBXNativeTarget "AppSophos" */ = {
			isa = XCConfigurationList;
			buildConfigurations = (
				CB633531294922F300CD86E5 /* Debug */,
				CB633532294922F300CD86E5 /* Release */,
			);
			defaultConfigurationIsVisible = 0;
			defaultConfigurationName = Release;
		};
		CB633533294922F300CD86E5 /* Build configuration list for PBXNativeTarget "AppSophosTests" */ = {
			isa = XCConfigurationList;
			buildConfigurations = (
				CB633534294922F300CD86E5 /* Debug */,
				CB633535294922F300CD86E5 /* Release */,
			);
			defaultConfigurationIsVisible = 0;
			defaultConfigurationName = Release;
		};
		CB633536294922F300CD86E5 /* Build configuration list for PBXNativeTarget "AppSophosUITests" */ = {
			isa = XCConfigurationList;
			buildConfigurations = (
				CB633537294922F300CD86E5 /* Debug */,
				CB633538294922F300CD86E5 /* Release */,
			);
			defaultConfigurationIsVisible = 0;
			defaultConfigurationName = Release;
		};
/* End XCConfigurationList section */

/* Begin XCRemoteSwiftPackageReference section */
		CB3B429C294B822800B2B6DB /* XCRemoteSwiftPackageReference "SwiftKeychainWrapper" */ = {
			isa = XCRemoteSwiftPackageReference;
			repositoryURL = "https://github.com/jrendel/SwiftKeychainWrapper";
			requirement = {
				kind = upToNextMajorVersion;
				minimumVersion = 4.0.0;
			};
		};
/* End XCRemoteSwiftPackageReference section */

/* Begin XCSwiftPackageProductDependency section */
		CB3B429D294B822800B2B6DB /* SwiftKeychainWrapper */ = {
			isa = XCSwiftPackageProductDependency;
			package = CB3B429C294B822800B2B6DB /* XCRemoteSwiftPackageReference "SwiftKeychainWrapper" */;
			productName = SwiftKeychainWrapper;
		};
/* End XCSwiftPackageProductDependency section */
	};
	rootObject = CB633504294922F100CD86E5 /* Project object */;
}
